
Microsoft Visual Studio Solution File, Format Version 12.00
# Visual Studio Version 17
VisualStudioVersion = 17.5.33627.172
MinimumVisualStudioVersion = 10.0.40219.1
Project("{FAE04EC0-301F-11D3-BF4B-00C04F79EFBC}") = "Laboratorio_semana_13", "Laboratorio_semana_13\Laboratorio_semana_13.csproj", "{29D2B6FD-6C2A-4684-83FA-D6BBC0D3BA37}"
EndProject
Project("{2150E333-8FDC-42A3-9474-1A3956D46DE8}") = "Elementos de la solución", "Elementos de la solución", "{74E03F76-3D28-4B3F-B1ED-02E0E4D3D020}"
EndProject
Global
	GlobalSection(SolutionConfigurationPlatforms) = preSolution
		Debug|Any CPU = Debug|Any CPU
		Release|Any CPU = Release|Any CPU
	EndGlobalSection
	GlobalSection(ProjectConfigurationPlatforms) = postSolution
		{29D2B6FD-6C2A-4684-83FA-D6BBC0D3BA37}.Debug|Any CPU.ActiveCfg = Debug|Any CPU
		{29D2B6FD-6C2A-4684-83FA-D6BBC0D3BA37}.Debug|Any CPU.Build.0 = Debug|Any CPU
		{29D2B6FD-6C2A-4684-83FA-D6BBC0D3BA37}.Release|Any CPU.ActiveCfg = Release|Any CPU
		{29D2B6FD-6C2A-4684-83FA-D6BBC0D3BA37}.Release|Any CPU.Build.0 = Release|Any CPU
	EndGlobalSection
	GlobalSection(SolutionProperties) = preSolution
		HideSolutionNode = FALSE
	EndGlobalSection
	GlobalSection(ExtensibilityGlobals) = postSolution
		SolutionGuid = {1E43747F-DBEF-4916-B5B7-B1DF21D5BD98}
	EndGlobalSection
EndGlobal
